
Microsoft Visual Studio Solution File, Format Version 12.00
# Visual Studio 15
VisualStudioVersion = 15.0.28307.779
MinimumVisualStudioVersion = 10.0.40219.1
Project("{FAE04EC0-301F-11D3-BF4B-00C04F79EFBC}") = "Banco [05-09]", "Banco [05-09]\Banco [05-09].csproj", "{95E22E59-7EEB-4DAF-93CA-208F5C2E3037}"
EndProject
Global
	GlobalSection(SolutionConfigurationPlatforms) = preSolution
		Debug|Any CPU = Debug|Any CPU
		Release|Any CPU = Release|Any CPU
	EndGlobalSection
	GlobalSection(ProjectConfigurationPlatforms) = postSolution
		{95E22E59-7EEB-4DAF-93CA-208F5C2E3037}.Debug|Any CPU.ActiveCfg = Debug|Any CPU
		{95E22E59-7EEB-4DAF-93CA-208F5C2E3037}.Debug|Any CPU.Build.0 = Debug|Any CPU
		{95E22E59-7EEB-4DAF-93CA-208F5C2E3037}.Release|Any CPU.ActiveCfg = Release|Any CPU
		{95E22E59-7EEB-4DAF-93CA-208F5C2E3037}.Release|Any CPU.Build.0 = Release|Any CPU
	EndGlobalSection
	GlobalSection(SolutionProperties) = preSolution
		HideSolutionNode = FALSE
	EndGlobalSection
	GlobalSection(ExtensibilityGlobals) = postSolution
		SolutionGuid = {7875333F-1D82-42A4-BE44-BFF13FCEFB6D}
	EndGlobalSection
EndGlobal
